
Microsoft Visual Studio Solution File, Format Version 12.00
# Visual Studio Version 17
VisualStudioVersion = 17.4.33213.308
MinimumVisualStudioVersion = 10.0.40219.1
Project("{8BC9CEB8-8B4A-11D0-8D11-00A0C91BC942}") = "Glim", "Glim\Glim.vcxproj", "{09BA8014-0909-423F-9ECF-A8C21411FE51}"
EndProject
Global
	GlobalSection(SolutionConfigurationPlatforms) = preSolution
		Debug|x64 = Debug|x64
		Debug|x86 = Debug|x86
		Release|x64 = Release|x64
		Release|x86 = Release|x86
	EndGlobalSection
	GlobalSection(ProjectConfigurationPlatforms) = postSolution
		{09BA8014-0909-423F-9ECF-A8C21411FE51}.Debug|x64.ActiveCfg = Debug|x64
		{09BA8014-0909-423F-9ECF-A8C21411FE51}.Debug|x64.Build.0 = Debug|x64
		{09BA8014-0909-423F-9ECF-A8C21411FE51}.Debug|x86.ActiveCfg = Debug|Win32
		{09BA8014-0909-423F-9ECF-A8C21411FE51}.Debug|x86.Build.0 = Debug|Win32
		{09BA8014-0909-423F-9ECF-A8C21411FE51}.Release|x64.ActiveCfg = Release|x64
		{09BA8014-0909-423F-9ECF-A8C21411FE51}.Release|x64.Build.0 = Release|x64
		{09BA8014-0909-423F-9ECF-A8C21411FE51}.Release|x86.ActiveCfg = Release|Win32
		{09BA8014-0909-423F-9ECF-A8C21411FE51}.Release|x86.Build.0 = Release|Win32
	EndGlobalSection
	GlobalSection(SolutionProperties) = preSolution
		HideSolutionNode = FALSE
	EndGlobalSection
	GlobalSection(ExtensibilityGlobals) = postSolution
		SolutionGuid = {0328C2F3-878F-49CB-B0A1-F3D16828C02A}
	EndGlobalSection
EndGlobal
